
Microsoft Visual Studio Solution File, Format Version 12.00
# Visual Studio 14
VisualStudioVersion = 14.0.25420.1
MinimumVisualStudioVersion = 10.0.40219.1
Project("{FAE04EC0-301F-11D3-BF4B-00C04F79EFBC}") = "DotNetKit.Application", "DotNetKit.Application\DotNetKit.Application.csproj", "{6041F92E-05B3-46F2-BCEC-CEEC5B4A35E7}"
EndProject
Project("{F2A71F9B-5D33-465A-A702-920D77279786}") = "VainZero.Solotter.Core", "VainZero.Solotter.Core\VainZero.Solotter.Core.fsproj", "{EB3B1ECE-9746-44C1-A7FE-8ED9311A4FDD}"
EndProject
Project("{2150E333-8FDC-42A3-9474-1A3956D46DE8}") = "Desktop", "Desktop", "{3298E8C9-C647-4622-9EF9-F9C164502BAF}"
EndProject
Project("{F2A71F9B-5D33-465A-A702-920D77279786}") = "VainZero.Solotter.Desktop.Core", "VainZero.Solotter.Desktop.Core\VainZero.Solotter.Desktop.Core.fsproj", "{D34EA758-EA8E-421F-AA0C-0EB0FD900435}"
EndProject
Project("{FAE04EC0-301F-11D3-BF4B-00C04F79EFBC}") = "VainZero.Solotter.Desktop", "VainZero.Solotter.Desktop\VainZero.Solotter.Desktop.csproj", "{15B9DCB8-42AA-4654-8008-441464890EE2}"
EndProject
Global
	GlobalSection(SolutionConfigurationPlatforms) = preSolution
		Debug|Any CPU = Debug|Any CPU
		Release|Any CPU = Release|Any CPU
	EndGlobalSection
	GlobalSection(ProjectConfigurationPlatforms) = postSolution
		{6041F92E-05B3-46F2-BCEC-CEEC5B4A35E7}.Debug|Any CPU.ActiveCfg = Debug|Any CPU
		{6041F92E-05B3-46F2-BCEC-CEEC5B4A35E7}.Debug|Any CPU.Build.0 = Debug|Any CPU
		{6041F92E-05B3-46F2-BCEC-CEEC5B4A35E7}.Release|Any CPU.ActiveCfg = Release|Any CPU
		{6041F92E-05B3-46F2-BCEC-CEEC5B4A35E7}.Release|Any CPU.Build.0 = Release|Any CPU
		{EB3B1ECE-9746-44C1-A7FE-8ED9311A4FDD}.Debug|Any CPU.ActiveCfg = Debug|Any CPU
		{EB3B1ECE-9746-44C1-A7FE-8ED9311A4FDD}.Debug|Any CPU.Build.0 = Debug|Any CPU
		{EB3B1ECE-9746-44C1-A7FE-8ED9311A4FDD}.Release|Any CPU.ActiveCfg = Release|Any CPU
		{EB3B1ECE-9746-44C1-A7FE-8ED9311A4FDD}.Release|Any CPU.Build.0 = Release|Any CPU
		{D34EA758-EA8E-421F-AA0C-0EB0FD900435}.Debug|Any CPU.ActiveCfg = Debug|Any CPU
		{D34EA758-EA8E-421F-AA0C-0EB0FD900435}.Debug|Any CPU.Build.0 = Debug|Any CPU
		{D34EA758-EA8E-421F-AA0C-0EB0FD900435}.Release|Any CPU.ActiveCfg = Release|Any CPU
		{D34EA758-EA8E-421F-AA0C-0EB0FD900435}.Release|Any CPU.Build.0 = Release|Any CPU
		{15B9DCB8-42AA-4654-8008-441464890EE2}.Debug|Any CPU.ActiveCfg = Debug|Any CPU
		{15B9DCB8-42AA-4654-8008-441464890EE2}.Debug|Any CPU.Build.0 = Debug|Any CPU
		{15B9DCB8-42AA-4654-8008-441464890EE2}.Release|Any CPU.ActiveCfg = Release|Any CPU
		{15B9DCB8-42AA-4654-8008-441464890EE2}.Release|Any CPU.Build.0 = Release|Any CPU
	EndGlobalSection
	GlobalSection(SolutionProperties) = preSolution
		HideSolutionNode = FALSE
	EndGlobalSection
	GlobalSection(NestedProjects) = preSolution
		{D34EA758-EA8E-421F-AA0C-0EB0FD900435} = {3298E8C9-C647-4622-9EF9-F9C164502BAF}
		{15B9DCB8-42AA-4654-8008-441464890EE2} = {3298E8C9-C647-4622-9EF9-F9C164502BAF}
	EndGlobalSection
EndGlobal
