
Microsoft Visual Studio Solution File, Format Version 12.00
# Visual Studio 14
VisualStudioVersion = 14.0.25420.1
MinimumVisualStudioVersion = 10.0.40219.1
Project("{F2A71F9B-5D33-465A-A702-920D77279786}") = "VainZero.Solotter.Core", "VainZero.Solotter.Core\VainZero.Solotter.Core.fsproj", "{EB3B1ECE-9746-44C1-A7FE-8ED9311A4FDD}"
EndProject
Project("{2150E333-8FDC-42A3-9474-1A3956D46DE8}") = "200-Desktop", "200-Desktop", "{3298E8C9-C647-4622-9EF9-F9C164502BAF}"
EndProject
Project("{F2A71F9B-5D33-465A-A702-920D77279786}") = "VainZero.Solotter.Desktop.Core", "VainZero.Solotter.Desktop.Core\VainZero.Solotter.Desktop.Core.fsproj", "{D34EA758-EA8E-421F-AA0C-0EB0FD900435}"
EndProject
Project("{FAE04EC0-301F-11D3-BF4B-00C04F79EFBC}") = "VainZero.Solotter.Desktop", "VainZero.Solotter.Desktop\VainZero.Solotter.Desktop.csproj", "{15B9DCB8-42AA-4654-8008-441464890EE2}"
EndProject
Project("{2150E333-8FDC-42A3-9474-1A3956D46DE8}") = "100-Core", "100-Core", "{EDF55866-C0FC-4885-916D-CEF936F083BD}"
EndProject
Project("{2150E333-8FDC-42A3-9474-1A3956D46DE8}") = "300-View", "300-View", "{F5CC1452-1523-4C66-AF66-B79DC8809B9C}"
EndProject
Project("{2150E333-8FDC-42A3-9474-1A3956D46DE8}") = "200-Core", "200-Core", "{97B38300-E8CE-4E44-A889-B9F3673A0CF9}"
EndProject
Project("{FAE04EC0-301F-11D3-BF4B-00C04F79EFBC}") = "VainZero.Solotter.Desktop.Utility", "VainZero.Solotter.Desktop.Utility\VainZero.Solotter.Desktop.Utility.csproj", "{E7D76438-0021-42CA-9062-D355DA9EAF3D}"
EndProject
Project("{2150E333-8FDC-42A3-9474-1A3956D46DE8}") = "100-Utility", "100-Utility", "{FF80A465-3E05-463C-9285-AE85600DE117}"
EndProject
Global
	GlobalSection(SolutionConfigurationPlatforms) = preSolution
		Debug|Any CPU = Debug|Any CPU
		Release|Any CPU = Release|Any CPU
	EndGlobalSection
	GlobalSection(ProjectConfigurationPlatforms) = postSolution
		{EB3B1ECE-9746-44C1-A7FE-8ED9311A4FDD}.Debug|Any CPU.ActiveCfg = Debug|Any CPU
		{EB3B1ECE-9746-44C1-A7FE-8ED9311A4FDD}.Debug|Any CPU.Build.0 = Debug|Any CPU
		{EB3B1ECE-9746-44C1-A7FE-8ED9311A4FDD}.Release|Any CPU.ActiveCfg = Release|Any CPU
		{EB3B1ECE-9746-44C1-A7FE-8ED9311A4FDD}.Release|Any CPU.Build.0 = Release|Any CPU
		{D34EA758-EA8E-421F-AA0C-0EB0FD900435}.Debug|Any CPU.ActiveCfg = Debug|Any CPU
		{D34EA758-EA8E-421F-AA0C-0EB0FD900435}.Debug|Any CPU.Build.0 = Debug|Any CPU
		{D34EA758-EA8E-421F-AA0C-0EB0FD900435}.Release|Any CPU.ActiveCfg = Release|Any CPU
		{D34EA758-EA8E-421F-AA0C-0EB0FD900435}.Release|Any CPU.Build.0 = Release|Any CPU
		{15B9DCB8-42AA-4654-8008-441464890EE2}.Debug|Any CPU.ActiveCfg = Debug|Any CPU
		{15B9DCB8-42AA-4654-8008-441464890EE2}.Debug|Any CPU.Build.0 = Debug|Any CPU
		{15B9DCB8-42AA-4654-8008-441464890EE2}.Release|Any CPU.ActiveCfg = Release|Any CPU
		{15B9DCB8-42AA-4654-8008-441464890EE2}.Release|Any CPU.Build.0 = Release|Any CPU
		{E7D76438-0021-42CA-9062-D355DA9EAF3D}.Debug|Any CPU.ActiveCfg = Debug|Any CPU
		{E7D76438-0021-42CA-9062-D355DA9EAF3D}.Debug|Any CPU.Build.0 = Debug|Any CPU
		{E7D76438-0021-42CA-9062-D355DA9EAF3D}.Release|Any CPU.ActiveCfg = Release|Any CPU
		{E7D76438-0021-42CA-9062-D355DA9EAF3D}.Release|Any CPU.Build.0 = Release|Any CPU
	EndGlobalSection
	GlobalSection(SolutionProperties) = preSolution
		HideSolutionNode = FALSE
	EndGlobalSection
	GlobalSection(NestedProjects) = preSolution
		{EB3B1ECE-9746-44C1-A7FE-8ED9311A4FDD} = {EDF55866-C0FC-4885-916D-CEF936F083BD}
		{D34EA758-EA8E-421F-AA0C-0EB0FD900435} = {97B38300-E8CE-4E44-A889-B9F3673A0CF9}
		{15B9DCB8-42AA-4654-8008-441464890EE2} = {F5CC1452-1523-4C66-AF66-B79DC8809B9C}
		{F5CC1452-1523-4C66-AF66-B79DC8809B9C} = {3298E8C9-C647-4622-9EF9-F9C164502BAF}
		{97B38300-E8CE-4E44-A889-B9F3673A0CF9} = {3298E8C9-C647-4622-9EF9-F9C164502BAF}
		{E7D76438-0021-42CA-9062-D355DA9EAF3D} = {FF80A465-3E05-463C-9285-AE85600DE117}
		{FF80A465-3E05-463C-9285-AE85600DE117} = {3298E8C9-C647-4622-9EF9-F9C164502BAF}
	EndGlobalSection
EndGlobal
